
Microsoft Visual Studio Solution File, Format Version 11.00
# Visual Studio 2010
Project("{FAE04EC0-301F-11D3-BF4B-00C04F79EFBC}") = "icndb-csharp", "icndb-csharp\icndb-csharp.csproj", "{3987348B-FAB0-48E2-A141-33D8026DBDBF}"
EndProject
Global
	GlobalSection(SolutionConfigurationPlatforms) = preSolution
		Debug|Any CPU = Debug|Any CPU
		Release|Any CPU = Release|Any CPU
	EndGlobalSection
	GlobalSection(ProjectConfigurationPlatforms) = postSolution
		{3987348B-FAB0-48E2-A141-33D8026DBDBF}.Debug|Any CPU.ActiveCfg = Debug|Any CPU
		{3987348B-FAB0-48E2-A141-33D8026DBDBF}.Debug|Any CPU.Build.0 = Debug|Any CPU
		{3987348B-FAB0-48E2-A141-33D8026DBDBF}.Release|Any CPU.ActiveCfg = Release|Any CPU
		{3987348B-FAB0-48E2-A141-33D8026DBDBF}.Release|Any CPU.Build.0 = Release|Any CPU
	EndGlobalSection
	GlobalSection(SolutionProperties) = preSolution
		HideSolutionNode = FALSE
	EndGlobalSection
EndGlobal
